
Microsoft Visual Studio Solution File, Format Version 12.00
# Visual Studio 15
VisualStudioVersion = 15.0.27703.2018
MinimumVisualStudioVersion = 10.0.40219.1
Project("{FAE04EC0-301F-11D3-BF4B-00C04F79EFBC}") = "IntersectorTester", "IntersectorTester\IntersectorTester.csproj", "{A93F95AB-F48D-4870-91FB-80A8CF9237EC}"
EndProject
Global
	GlobalSection(SolutionConfigurationPlatforms) = preSolution
		Debug|Any CPU = Debug|Any CPU
		Release|Any CPU = Release|Any CPU
	EndGlobalSection
	GlobalSection(ProjectConfigurationPlatforms) = postSolution
		{A93F95AB-F48D-4870-91FB-80A8CF9237EC}.Debug|Any CPU.ActiveCfg = Debug|Any CPU
		{A93F95AB-F48D-4870-91FB-80A8CF9237EC}.Debug|Any CPU.Build.0 = Debug|Any CPU
		{A93F95AB-F48D-4870-91FB-80A8CF9237EC}.Release|Any CPU.ActiveCfg = Release|Any CPU
		{A93F95AB-F48D-4870-91FB-80A8CF9237EC}.Release|Any CPU.Build.0 = Release|Any CPU
	EndGlobalSection
	GlobalSection(SolutionProperties) = preSolution
		HideSolutionNode = FALSE
	EndGlobalSection
	GlobalSection(ExtensibilityGlobals) = postSolution
		SolutionGuid = {F460B3B5-8EDC-4190-8C3D-ACC5D3C2C91C}
	EndGlobalSection
EndGlobal
